
Microsoft Visual Studio Solution File, Format Version 12.00
# Visual Studio 15
VisualStudioVersion = 15.0.27004.2002
MinimumVisualStudioVersion = 10.0.40219.1
Project("{FAE04EC0-301F-11D3-BF4B-00C04F79EFBC}") = "Numeros_Felizes_E_Sortudos", "Numeros_Felizes_E_Sortudos\Numeros_Felizes_E_Sortudos.csproj", "{15A6334C-E66B-4427-A173-AC43079348A9}"
EndProject
Global
	GlobalSection(SolutionConfigurationPlatforms) = preSolution
		Debug|Any CPU = Debug|Any CPU
		Release|Any CPU = Release|Any CPU
	EndGlobalSection
	GlobalSection(ProjectConfigurationPlatforms) = postSolution
		{15A6334C-E66B-4427-A173-AC43079348A9}.Debug|Any CPU.ActiveCfg = Debug|Any CPU
		{15A6334C-E66B-4427-A173-AC43079348A9}.Debug|Any CPU.Build.0 = Debug|Any CPU
		{15A6334C-E66B-4427-A173-AC43079348A9}.Release|Any CPU.ActiveCfg = Release|Any CPU
		{15A6334C-E66B-4427-A173-AC43079348A9}.Release|Any CPU.Build.0 = Release|Any CPU
	EndGlobalSection
	GlobalSection(SolutionProperties) = preSolution
		HideSolutionNode = FALSE
	EndGlobalSection
	GlobalSection(ExtensibilityGlobals) = postSolution
		SolutionGuid = {DD945817-C3AD-44AD-9914-AB2C0B062CAA}
	EndGlobalSection
EndGlobal
